
Microsoft Visual Studio Solution File, Format Version 12.00
# Visual Studio Version 18
VisualStudioVersion = 18.7.11925.98 stable
MinimumVisualStudioVersion = 10.0.40219.1
Project("{9A19103F-16F7-4668-BE54-9A1E7A4F7556}") = "Xcc.Core", "Xcc\Xcc.Core\Xcc.Core.csproj", "{B26C11EB-36D7-46A9-BBE4-5F9C6BABCFB1}"
EndProject
Project("{9A19103F-16F7-4668-BE54-9A1E7A4F7556}") = "Xcc.Application", "Xcc\Xcc.Application\Xcc.Application.csproj", "{9D1D07C7-1A8C-407C-A433-12097B41C4FE}"
EndProject
Project("{9A19103F-16F7-4668-BE54-9A1E7A4F7556}") = "Xcc.Infra", "Xcc\Xcc.Infra\Xcc.Infra.csproj", "{1F1DFAE9-71C1-40A9-9BB3-2015A23CE067}"
EndProject
Project("{2150E333-8FDC-42A3-9474-1A3956D46DE8}") = "Documents", "Documents", "{64486FC6-8A9D-487E-81F7-5854F0F2EB0B}"
	ProjectSection(SolutionItems) = preProject
		\\Mac\Home\Downloads\backup 3.sql = \\Mac\Home\Downloads\backup 3.sql
		README.md = README.md
	EndProjectSection
EndProject
Project("{2150E333-8FDC-42A3-9474-1A3956D46DE8}") = "Heracles", "Heracles", "{B5581914-1D3B-4744-A5F2-3C1CCD671861}"
EndProject
Project("{9A19103F-16F7-4668-BE54-9A1E7A4F7556}") = "Heracles.Core", "Xcc\Heracles\Heracles.Core\Heracles.Core.csproj", "{EDD20566-AAEC-4D1D-9F75-5873D01A9753}"
EndProject
Project("{9A19103F-16F7-4668-BE54-9A1E7A4F7556}") = "Heracles.Application", "Xcc\Heracles\Heracles.Application\Heracles.Application.csproj", "{90E7118C-B8CE-4C64-9FE6-7EE43FB94AE6}"
EndProject
Project("{9A19103F-16F7-4668-BE54-9A1E7A4F7556}") = "Heracles.External", "Xcc\Heracles\Heracles.Outdoor\Heracles.External.csproj", "{B3008526-AEA2-4066-8F0A-C67A8BB36BA7}"
EndProject
Project("{9A19103F-16F7-4668-BE54-9A1E7A4F7556}") = "Heracles.Indoor", "Xcc\Heracles\Heracles.Indoor\Heracles.Indoor.csproj", "{935D0129-EAA0-499E-82A2-7EEF3EE30028}"
EndProject
Project("{9A19103F-16F7-4668-BE54-9A1E7A4F7556}") = "Xcc.Shared", "Xcc\Xcc.Shared\Xcc.Shared.csproj", "{616647D0-CCC9-45A7-ABB5-FAFBAB829955}"
EndProject
Project("{9A19103F-16F7-4668-BE54-9A1E7A4F7556}") = "Heracles.Robot", "Xcc\Heracles\Heracles.Robot\Heracles.Robot.csproj", "{D4F4C3D0-2CED-4078-94F5-B555C69D6AB8}"
EndProject
Project("{9A19103F-16F7-4668-BE54-9A1E7A4F7556}") = "Heracles.Indoor.Test", "Xcc\Heracles\Heracles.Indoor.Test\Heracles.Indoor.Test.csproj", "{4C91AF48-638F-4370-98A0-D9067DE0EC89}"
EndProject
Project("{9A19103F-16F7-4668-BE54-9A1E7A4F7556}") = "Heracles.Robot.Test", "Xcc\Heracles\Heracles.Robot.Test\Heracles.Robot.Test.csproj", "{08915643-2D46-4B78-967E-718D3BAAA1F4}"
EndProject
Project("{2150E333-8FDC-42A3-9474-1A3956D46DE8}") = "Tests", "Tests", "{6166A0A9-304C-4BE2-A2FC-0B4C6A2273EF}"
EndProject
Project("{2150E333-8FDC-42A3-9474-1A3956D46DE8}") = "Heracles", "Heracles", "{F333FF5F-7647-4512-9050-07667FF0EAC4}"
EndProject
Project("{9A19103F-16F7-4668-BE54-9A1E7A4F7556}") = "Heracles.Application.Test", "Xcc\Heracles\Heracles.Application.Test\Heracles.Application.Test.csproj", "{522A674F-760D-41CB-BA70-B01D70A25985}"
EndProject
Project("{2150E333-8FDC-42A3-9474-1A3956D46DE8}") = "Xcc", "Xcc", "{0402680B-95AF-47EE-85DE-D5D58581C3F1}"
EndProject
Project("{2150E333-8FDC-42A3-9474-1A3956D46DE8}") = "Heracles", "Heracles", "{3EF582F8-3590-422B-B720-63110F2301A8}"
	ProjectSection(SolutionItems) = preProject
		Xcc\Heracles\README.md = Xcc\Heracles\README.md
	EndProjectSection
EndProject
Project("{2150E333-8FDC-42A3-9474-1A3956D46DE8}") = "Xcc", "Xcc", "{ED344B56-6B52-4FF8-8309-1E12FFD652A9}"
EndProject
Project("{9A19103F-16F7-4668-BE54-9A1E7A4F7556}") = "Xcc.Test", "Xcc\Xcc.Test\Xcc.Test.csproj", "{A78CC588-8A63-4744-9888-7A55E0A160B5}"
	ProjectSection(ProjectDependencies) = postProject
		{1F1DFAE9-71C1-40A9-9BB3-2015A23CE067} = {1F1DFAE9-71C1-40A9-9BB3-2015A23CE067}
		{9D1D07C7-1A8C-407C-A433-12097B41C4FE} = {9D1D07C7-1A8C-407C-A433-12097B41C4FE}
	EndProjectSection
EndProject
Project("{9A19103F-16F7-4668-BE54-9A1E7A4F7556}") = "Heracles.Outdoor.Test", "Xcc\Heracles\Heracles.Outdoor.Test\Heracles.Outdoor.Test\Heracles.Outdoor.Test.csproj", "{E77CDC19-B93C-46AB-B1DE-39DD4F29B9CD}"
EndProject
Project("{2150E333-8FDC-42A3-9474-1A3956D46DE8}") = "Config", "Config", "{817E2419-61AC-4B26-96EA-786A4A90253A}"
EndProject
Project("{2150E333-8FDC-42A3-9474-1A3956D46DE8}") = "Indoor", "Indoor", "{21FB0EBB-D3CF-4834-8EE4-089EDFDC68F3}"
	ProjectSection(SolutionItems) = preProject
		Xcc\Heracles\Config\Indoor\appsettings.json = Xcc\Heracles\Config\Indoor\appsettings.json
	EndProjectSection
EndProject
Project("{2150E333-8FDC-42A3-9474-1A3956D46DE8}") = "External", "External", "{DDE48824-9F02-4DA3-AA16-EA5ECA74F988}"
	ProjectSection(SolutionItems) = preProject
		Xcc\Heracles\Config\External\appsettings.json = Xcc\Heracles\Config\External\appsettings.json
	EndProjectSection
EndProject
Project("{9A19103F-16F7-4668-BE54-9A1E7A4F7556}") = "Heracles.Core.Test", "Xcc\Heracles\Core.Test\Heracles.Core.Test.csproj", "{DCAAAF59-F3FC-4BD0-A75E-20F1996504D7}"
EndProject
Project("{2150E333-8FDC-42A3-9474-1A3956D46DE8}") = "IntegrationTests", "IntegrationTests", "{6F596C20-565D-4990-BF1A-67C4C889431A}"
EndProject
Project("{9A19103F-16F7-4668-BE54-9A1E7A4F7556}") = "Heracles.Robot.IntegrationTest", "IntegrationTests\Heracles\Heracles.Robot.IntegrationTest\Heracles.Robot.IntegrationTest.csproj", "{CAE95003-8CB8-4148-842F-F722E0FA74A8}"
EndProject
Project("{2150E333-8FDC-42A3-9474-1A3956D46DE8}") = "Scripts", "Scripts", "{674A0D8C-CE56-49E8-87CC-5205042B1BEC}"
	ProjectSection(SolutionItems) = preProject
		Scripts\all_deps_actual_commits.txt = Scripts\all_deps_actual_commits.txt
		Scripts\all_deps_checkout.cmd = Scripts\all_deps_checkout.cmd
	EndProjectSection
EndProject
Project("{2150E333-8FDC-42A3-9474-1A3956D46DE8}") = "Empyrean", "Empyrean", "{02EA681E-C7D8-13C7-8484-4AC65E1B71E8}"
EndProject
Project("{2150E333-8FDC-42A3-9474-1A3956D46DE8}") = "Common", "Common", "{F7402726-914C-4DBE-B790-C8052C1E053D}"
EndProject
Project("{9A19103F-16F7-4668-BE54-9A1E7A4F7556}") = "Empyrean.Common", "Empyrean\Empyrean.Common\Empyrean.Common.csproj", "{0D79B84A-5890-44C9-ACBF-EF17678C2233}"
EndProject
Project("{2150E333-8FDC-42A3-9474-1A3956D46DE8}") = "Tests", "Tests", "{6D938971-0A0A-497E-BAB6-D7860AE43186}"
EndProject
Project("{2150E333-8FDC-42A3-9474-1A3956D46DE8}") = "Common", "Common", "{CD33F97E-45AB-461A-A60A-25B7C5A09A63}"
EndProject
Project("{9A19103F-16F7-4668-BE54-9A1E7A4F7556}") = "Empyrean.Common.Test", "Empyrean\Tests\Empyrean.Common.Test\Empyrean.Common.Test.csproj", "{1CA7D81D-9161-41E8-A561-AA41D28CDFA8}"
EndProject
Project("{FAE04EC0-301F-11D3-BF4B-00C04F79EFBC}") = "Xcc.Demo", "Xcc.Demo\Xcc.Demo.csproj", "{4FE09A45-1F77-4F1A-9639-076A145E1D12}"
EndProject
Project("{FAE04EC0-301F-11D3-BF4B-00C04F79EFBC}") = "Xcc.Controls", "Xcc.Controls\Xcc.Controls.csproj", "{2AE76420-F0AF-43FF-9AAD-FBC6F481D771}"
EndProject
Project("{FAE04EC0-301F-11D3-BF4B-00C04F79EFBC}") = "Xcc.Styles", "Xcc.Styles\Xcc.Styles.csproj", "{2D912090-9632-4EC1-94D7-942A7469C5A8}"
EndProject
Project("{2150E333-8FDC-42A3-9474-1A3956D46DE8}") = "Heracles", "Heracles", "{88C0F7D4-BD8A-C90F-7AB0-032CCF0456F9}"
EndProject
Project("{FAE04EC0-301F-11D3-BF4B-00C04F79EFBC}") = "Heracles.Indoor.SqliteGrpcServer", "Xcc\Heracles\Heracles.Indoor.SqliteGrpcServer\Heracles.Indoor.SqliteGrpcServer.csproj", "{1BF92378-061B-4BB5-A4D0-C3E187D59477}"
EndProject
Global
	GlobalSection(SolutionConfigurationPlatforms) = preSolution
		Debug|Any CPU = Debug|Any CPU
		Debug|x64 = Debug|x64
		Debug|x86 = Debug|x86
		Release|Any CPU = Release|Any CPU
		Release|x64 = Release|x64
		Release|x86 = Release|x86
	EndGlobalSection
	GlobalSection(ProjectConfigurationPlatforms) = postSolution
		{B26C11EB-36D7-46A9-BBE4-5F9C6BABCFB1}.Debug|Any CPU.ActiveCfg = Debug|Any CPU
		{B26C11EB-36D7-46A9-BBE4-5F9C6BABCFB1}.Debug|Any CPU.Build.0 = Debug|Any CPU
		{B26C11EB-36D7-46A9-BBE4-5F9C6BABCFB1}.Debug|x64.ActiveCfg = Debug|x64
		{B26C11EB-36D7-46A9-BBE4-5F9C6BABCFB1}.Debug|x64.Build.0 = Debug|x64
		{B26C11EB-36D7-46A9-BBE4-5F9C6BABCFB1}.Debug|x86.ActiveCfg = Debug|Any CPU
		{B26C11EB-36D7-46A9-BBE4-5F9C6BABCFB1}.Debug|x86.Build.0 = Debug|Any CPU
		{B26C11EB-36D7-46A9-BBE4-5F9C6BABCFB1}.Release|Any CPU.ActiveCfg = Release|Any CPU
		{B26C11EB-36D7-46A9-BBE4-5F9C6BABCFB1}.Release|Any CPU.Build.0 = Release|Any CPU
		{B26C11EB-36D7-46A9-BBE4-5F9C6BABCFB1}.Release|x64.ActiveCfg = Release|x64
		{B26C11EB-36D7-46A9-BBE4-5F9C6BABCFB1}.Release|x64.Build.0 = Release|x64
		{B26C11EB-36D7-46A9-BBE4-5F9C6BABCFB1}.Release|x86.ActiveCfg = Release|Any CPU
		{B26C11EB-36D7-46A9-BBE4-5F9C6BABCFB1}.Release|x86.Build.0 = Release|Any CPU
		{9D1D07C7-1A8C-407C-A433-12097B41C4FE}.Debug|Any CPU.ActiveCfg = Debug|Any CPU
		{9D1D07C7-1A8C-407C-A433-12097B41C4FE}.Debug|Any CPU.Build.0 = Debug|Any CPU
		{9D1D07C7-1A8C-407C-A433-12097B41C4FE}.Debug|x64.ActiveCfg = Debug|x64
		{9D1D07C7-1A8C-407C-A433-12097B41C4FE}.Debug|x64.Build.0 = Debug|x64
		{9D1D07C7-1A8C-407C-A433-12097B41C4FE}.Debug|x86.ActiveCfg = Debug|Any CPU
		{9D1D07C7-1A8C-407C-A433-12097B41C4FE}.Debug|x86.Build.0 = Debug|Any CPU
		{9D1D07C7-1A8C-407C-A433-12097B41C4FE}.Release|Any CPU.ActiveCfg = Release|Any CPU
		{9D1D07C7-1A8C-407C-A433-12097B41C4FE}.Release|Any CPU.Build.0 = Release|Any CPU
		{9D1D07C7-1A8C-407C-A433-12097B41C4FE}.Release|x64.ActiveCfg = Release|x64
		{9D1D07C7-1A8C-407C-A433-12097B41C4FE}.Release|x64.Build.0 = Release|x64
		{9D1D07C7-1A8C-407C-A433-12097B41C4FE}.Release|x86.ActiveCfg = Release|Any CPU
		{9D1D07C7-1A8C-407C-A433-12097B41C4FE}.Release|x86.Build.0 = Release|Any CPU
		{1F1DFAE9-71C1-40A9-9BB3-2015A23CE067}.Debug|Any CPU.ActiveCfg = Debug|Any CPU
		{1F1DFAE9-71C1-40A9-9BB3-2015A23CE067}.Debug|Any CPU.Build.0 = Debug|Any CPU
		{1F1DFAE9-71C1-40A9-9BB3-2015A23CE067}.Debug|x64.ActiveCfg = Debug|x64
		{1F1DFAE9-71C1-40A9-9BB3-2015A23CE067}.Debug|x64.Build.0 = Debug|x64
		{1F1DFAE9-71C1-40A9-9BB3-2015A23CE067}.Debug|x86.ActiveCfg = Debug|Any CPU
		{1F1DFAE9-71C1-40A9-9BB3-2015A23CE067}.Debug|x86.Build.0 = Debug|Any CPU
		{1F1DFAE9-71C1-40A9-9BB3-2015A23CE067}.Release|Any CPU.ActiveCfg = Release|Any CPU
		{1F1DFAE9-71C1-40A9-9BB3-2015A23CE067}.Release|Any CPU.Build.0 = Release|Any CPU
		{1F1DFAE9-71C1-40A9-9BB3-2015A23CE067}.Release|x64.ActiveCfg = Release|x64
		{1F1DFAE9-71C1-40A9-9BB3-2015A23CE067}.Release|x64.Build.0 = Release|x64
		{1F1DFAE9-71C1-40A9-9BB3-2015A23CE067}.Release|x86.ActiveCfg = Release|Any CPU
		{1F1DFAE9-71C1-40A9-9BB3-2015A23CE067}.Release|x86.Build.0 = Release|Any CPU
		{EDD20566-AAEC-4D1D-9F75-5873D01A9753}.Debug|Any CPU.ActiveCfg = Debug|Any CPU
		{EDD20566-AAEC-4D1D-9F75-5873D01A9753}.Debug|Any CPU.Build.0 = Debug|Any CPU
		{EDD20566-AAEC-4D1D-9F75-5873D01A9753}.Debug|x64.ActiveCfg = Debug|x64
		{EDD20566-AAEC-4D1D-9F75-5873D01A9753}.Debug|x64.Build.0 = Debug|x64
		{EDD20566-AAEC-4D1D-9F75-5873D01A9753}.Debug|x86.ActiveCfg = Debug|Any CPU
		{EDD20566-AAEC-4D1D-9F75-5873D01A9753}.Debug|x86.Build.0 = Debug|Any CPU
		{EDD20566-AAEC-4D1D-9F75-5873D01A9753}.Release|Any CPU.ActiveCfg = Release|Any CPU
		{EDD20566-AAEC-4D1D-9F75-5873D01A9753}.Release|Any CPU.Build.0 = Release|Any CPU
		{EDD20566-AAEC-4D1D-9F75-5873D01A9753}.Release|x64.ActiveCfg = Release|x64
		{EDD20566-AAEC-4D1D-9F75-5873D01A9753}.Release|x64.Build.0 = Release|x64
		{EDD20566-AAEC-4D1D-9F75-5873D01A9753}.Release|x86.ActiveCfg = Release|Any CPU
		{EDD20566-AAEC-4D1D-9F75-5873D01A9753}.Release|x86.Build.0 = Release|Any CPU
		{90E7118C-B8CE-4C64-9FE6-7EE43FB94AE6}.Debug|Any CPU.ActiveCfg = Debug|Any CPU
		{90E7118C-B8CE-4C64-9FE6-7EE43FB94AE6}.Debug|Any CPU.Build.0 = Debug|Any CPU
		{90E7118C-B8CE-4C64-9FE6-7EE43FB94AE6}.Debug|x64.ActiveCfg = Debug|x64
		{90E7118C-B8CE-4C64-9FE6-7EE43FB94AE6}.Debug|x64.Build.0 = Debug|x64
		{90E7118C-B8CE-4C64-9FE6-7EE43FB94AE6}.Debug|x86.ActiveCfg = Debug|Any CPU
		{90E7118C-B8CE-4C64-9FE6-7EE43FB94AE6}.Debug|x86.Build.0 = Debug|Any CPU
		{90E7118C-B8CE-4C64-9FE6-7EE43FB94AE6}.Release|Any CPU.ActiveCfg = Release|Any CPU
		{90E7118C-B8CE-4C64-9FE6-7EE43FB94AE6}.Release|Any CPU.Build.0 = Release|Any CPU
		{90E7118C-B8CE-4C64-9FE6-7EE43FB94AE6}.Release|x64.ActiveCfg = Release|x64
		{90E7118C-B8CE-4C64-9FE6-7EE43FB94AE6}.Release|x64.Build.0 = Release|x64
		{90E7118C-B8CE-4C64-9FE6-7EE43FB94AE6}.Release|x86.ActiveCfg = Release|Any CPU
		{90E7118C-B8CE-4C64-9FE6-7EE43FB94AE6}.Release|x86.Build.0 = Release|Any CPU
		{B3008526-AEA2-4066-8F0A-C67A8BB36BA7}.Debug|Any CPU.ActiveCfg = Debug|Any CPU
		{B3008526-AEA2-4066-8F0A-C67A8BB36BA7}.Debug|Any CPU.Build.0 = Debug|Any CPU
		{B3008526-AEA2-4066-8F0A-C67A8BB36BA7}.Debug|x64.ActiveCfg = Debug|x64
		{B3008526-AEA2-4066-8F0A-C67A8BB36BA7}.Debug|x64.Build.0 = Debug|x64
		{B3008526-AEA2-4066-8F0A-C67A8BB36BA7}.Debug|x86.ActiveCfg = Debug|Any CPU
		{B3008526-AEA2-4066-8F0A-C67A8BB36BA7}.Debug|x86.Build.0 = Debug|Any CPU
		{B3008526-AEA2-4066-8F0A-C67A8BB36BA7}.Release|Any CPU.ActiveCfg = Release|Any CPU
		{B3008526-AEA2-4066-8F0A-C67A8BB36BA7}.Release|Any CPU.Build.0 = Release|Any CPU
		{B3008526-AEA2-4066-8F0A-C67A8BB36BA7}.Release|x64.ActiveCfg = Release|x64
		{B3008526-AEA2-4066-8F0A-C67A8BB36BA7}.Release|x64.Build.0 = Release|x64
		{B3008526-AEA2-4066-8F0A-C67A8BB36BA7}.Release|x86.ActiveCfg = Release|Any CPU
		{B3008526-AEA2-4066-8F0A-C67A8BB36BA7}.Release|x86.Build.0 = Release|Any CPU
		{935D0129-EAA0-499E-82A2-7EEF3EE30028}.Debug|Any CPU.ActiveCfg = Debug|Any CPU
		{935D0129-EAA0-499E-82A2-7EEF3EE30028}.Debug|Any CPU.Build.0 = Debug|Any CPU
		{935D0129-EAA0-499E-82A2-7EEF3EE30028}.Debug|x64.ActiveCfg = Debug|x64
		{935D0129-EAA0-499E-82A2-7EEF3EE30028}.Debug|x64.Build.0 = Debug|x64
		{935D0129-EAA0-499E-82A2-7EEF3EE30028}.Debug|x86.ActiveCfg = Debug|Any CPU
		{935D0129-EAA0-499E-82A2-7EEF3EE30028}.Debug|x86.Build.0 = Debug|Any CPU
		{935D0129-EAA0-499E-82A2-7EEF3EE30028}.Release|Any CPU.ActiveCfg = Release|Any CPU
		{935D0129-EAA0-499E-82A2-7EEF3EE30028}.Release|Any CPU.Build.0 = Release|Any CPU
		{935D0129-EAA0-499E-82A2-7EEF3EE30028}.Release|x64.ActiveCfg = Release|x64
		{935D0129-EAA0-499E-82A2-7EEF3EE30028}.Release|x64.Build.0 = Release|x64
		{935D0129-EAA0-499E-82A2-7EEF3EE30028}.Release|x86.ActiveCfg = Release|Any CPU
		{935D0129-EAA0-499E-82A2-7EEF3EE30028}.Release|x86.Build.0 = Release|Any CPU
		{616647D0-CCC9-45A7-ABB5-FAFBAB829955}.Debug|Any CPU.ActiveCfg = Debug|Any CPU
		{616647D0-CCC9-45A7-ABB5-FAFBAB829955}.Debug|Any CPU.Build.0 = Debug|Any CPU
		{616647D0-CCC9-45A7-ABB5-FAFBAB829955}.Debug|x64.ActiveCfg = Debug|x64
		{616647D0-CCC9-45A7-ABB5-FAFBAB829955}.Debug|x64.Build.0 = Debug|x64
		{616647D0-CCC9-45A7-ABB5-FAFBAB829955}.Debug|x86.ActiveCfg = Debug|Any CPU
		{616647D0-CCC9-45A7-ABB5-FAFBAB829955}.Debug|x86.Build.0 = Debug|Any CPU
		{616647D0-CCC9-45A7-ABB5-FAFBAB829955}.Release|Any CPU.ActiveCfg = Release|Any CPU
		{616647D0-CCC9-45A7-ABB5-FAFBAB829955}.Release|Any CPU.Build.0 = Release|Any CPU
		{616647D0-CCC9-45A7-ABB5-FAFBAB829955}.Release|x64.ActiveCfg = Release|x64
		{616647D0-CCC9-45A7-ABB5-FAFBAB829955}.Release|x64.Build.0 = Release|x64
		{616647D0-CCC9-45A7-ABB5-FAFBAB829955}.Release|x86.ActiveCfg = Release|Any CPU
		{616647D0-CCC9-45A7-ABB5-FAFBAB829955}.Release|x86.Build.0 = Release|Any CPU
		{D4F4C3D0-2CED-4078-94F5-B555C69D6AB8}.Debug|Any CPU.ActiveCfg = Debug|Any CPU
		{D4F4C3D0-2CED-4078-94F5-B555C69D6AB8}.Debug|Any CPU.Build.0 = Debug|Any CPU
		{D4F4C3D0-2CED-4078-94F5-B555C69D6AB8}.Debug|x64.ActiveCfg = Debug|x64
		{D4F4C3D0-2CED-4078-94F5-B555C69D6AB8}.Debug|x64.Build.0 = Debug|x64
		{D4F4C3D0-2CED-4078-94F5-B555C69D6AB8}.Debug|x86.ActiveCfg = Debug|Any CPU
		{D4F4C3D0-2CED-4078-94F5-B555C69D6AB8}.Debug|x86.Build.0 = Debug|Any CPU
		{D4F4C3D0-2CED-4078-94F5-B555C69D6AB8}.Release|Any CPU.ActiveCfg = Release|Any CPU
		{D4F4C3D0-2CED-4078-94F5-B555C69D6AB8}.Release|Any CPU.Build.0 = Release|Any CPU
		{D4F4C3D0-2CED-4078-94F5-B555C69D6AB8}.Release|x64.ActiveCfg = Release|x64
		{D4F4C3D0-2CED-4078-94F5-B555C69D6AB8}.Release|x64.Build.0 = Release|x64
		{D4F4C3D0-2CED-4078-94F5-B555C69D6AB8}.Release|x86.ActiveCfg = Release|Any CPU
		{D4F4C3D0-2CED-4078-94F5-B555C69D6AB8}.Release|x86.Build.0 = Release|Any CPU
		{4C91AF48-638F-4370-98A0-D9067DE0EC89}.Debug|Any CPU.ActiveCfg = Debug|Any CPU
		{4C91AF48-638F-4370-98A0-D9067DE0EC89}.Debug|Any CPU.Build.0 = Debug|Any CPU
		{4C91AF48-638F-4370-98A0-D9067DE0EC89}.Debug|x64.ActiveCfg = Debug|x64
		{4C91AF48-638F-4370-98A0-D9067DE0EC89}.Debug|x64.Build.0 = Debug|x64
		{4C91AF48-638F-4370-98A0-D9067DE0EC89}.Debug|x86.ActiveCfg = Debug|Any CPU
		{4C91AF48-638F-4370-98A0-D9067DE0EC89}.Debug|x86.Build.0 = Debug|Any CPU
		{4C91AF48-638F-4370-98A0-D9067DE0EC89}.Release|Any CPU.ActiveCfg = Release|Any CPU
		{4C91AF48-638F-4370-98A0-D9067DE0EC89}.Release|Any CPU.Build.0 = Release|Any CPU
		{4C91AF48-638F-4370-98A0-D9067DE0EC89}.Release|x64.ActiveCfg = Release|x64
		{4C91AF48-638F-4370-98A0-D9067DE0EC89}.Release|x64.Build.0 = Release|x64
		{4C91AF48-638F-4370-98A0-D9067DE0EC89}.Release|x86.ActiveCfg = Release|Any CPU
		{4C91AF48-638F-4370-98A0-D9067DE0EC89}.Release|x86.Build.0 = Release|Any CPU
		{08915643-2D46-4B78-967E-718D3BAAA1F4}.Debug|Any CPU.ActiveCfg = Debug|Any CPU
		{08915643-2D46-4B78-967E-718D3BAAA1F4}.Debug|Any CPU.Build.0 = Debug|Any CPU
		{08915643-2D46-4B78-967E-718D3BAAA1F4}.Debug|x64.ActiveCfg = Debug|x64
		{08915643-2D46-4B78-967E-718D3BAAA1F4}.Debug|x64.Build.0 = Debug|x64
		{08915643-2D46-4B78-967E-718D3BAAA1F4}.Debug|x86.ActiveCfg = Debug|Any CPU
		{08915643-2D46-4B78-967E-718D3BAAA1F4}.Debug|x86.Build.0 = Debug|Any CPU
		{08915643-2D46-4B78-967E-718D3BAAA1F4}.Release|Any CPU.ActiveCfg = Release|Any CPU
		{08915643-2D46-4B78-967E-718D3BAAA1F4}.Release|Any CPU.Build.0 = Release|Any CPU
		{08915643-2D46-4B78-967E-718D3BAAA1F4}.Release|x64.ActiveCfg = Release|x64
		{08915643-2D46-4B78-967E-718D3BAAA1F4}.Release|x64.Build.0 = Release|x64
		{08915643-2D46-4B78-967E-718D3BAAA1F4}.Release|x86.ActiveCfg = Release|Any CPU
		{08915643-2D46-4B78-967E-718D3BAAA1F4}.Release|x86.Build.0 = Release|Any CPU
		{522A674F-760D-41CB-BA70-B01D70A25985}.Debug|Any CPU.ActiveCfg = Debug|Any CPU
		{522A674F-760D-41CB-BA70-B01D70A25985}.Debug|Any CPU.Build.0 = Debug|Any CPU
		{522A674F-760D-41CB-BA70-B01D70A25985}.Debug|x64.ActiveCfg = Debug|x64
		{522A674F-760D-41CB-BA70-B01D70A25985}.Debug|x64.Build.0 = Debug|x64
		{522A674F-760D-41CB-BA70-B01D70A25985}.Debug|x86.ActiveCfg = Debug|Any CPU
		{522A674F-760D-41CB-BA70-B01D70A25985}.Debug|x86.Build.0 = Debug|Any CPU
		{522A674F-760D-41CB-BA70-B01D70A25985}.Release|Any CPU.ActiveCfg = Release|Any CPU
		{522A674F-760D-41CB-BA70-B01D70A25985}.Release|Any CPU.Build.0 = Release|Any CPU
		{522A674F-760D-41CB-BA70-B01D70A25985}.Release|x64.ActiveCfg = Release|x64
		{522A674F-760D-41CB-BA70-B01D70A25985}.Release|x64.Build.0 = Release|x64
		{522A674F-760D-41CB-BA70-B01D70A25985}.Release|x86.ActiveCfg = Release|Any CPU
		{522A674F-760D-41CB-BA70-B01D70A25985}.Release|x86.Build.0 = Release|Any CPU
		{A78CC588-8A63-4744-9888-7A55E0A160B5}.Debug|Any CPU.ActiveCfg = Debug|Any CPU
		{A78CC588-8A63-4744-9888-7A55E0A160B5}.Debug|Any CPU.Build.0 = Debug|Any CPU
		{A78CC588-8A63-4744-9888-7A55E0A160B5}.Debug|x64.ActiveCfg = Debug|x64
		{A78CC588-8A63-4744-9888-7A55E0A160B5}.Debug|x64.Build.0 = Debug|x64
		{A78CC588-8A63-4744-9888-7A55E0A160B5}.Debug|x86.ActiveCfg = Debug|Any CPU
		{A78CC588-8A63-4744-9888-7A55E0A160B5}.Debug|x86.Build.0 = Debug|Any CPU
		{A78CC588-8A63-4744-9888-7A55E0A160B5}.Release|Any CPU.ActiveCfg = Release|Any CPU
		{A78CC588-8A63-4744-9888-7A55E0A160B5}.Release|Any CPU.Build.0 = Release|Any CPU
		{A78CC588-8A63-4744-9888-7A55E0A160B5}.Release|x64.ActiveCfg = Release|x64
		{A78CC588-8A63-4744-9888-7A55E0A160B5}.Release|x64.Build.0 = Release|x64
		{A78CC588-8A63-4744-9888-7A55E0A160B5}.Release|x86.ActiveCfg = Release|Any CPU
		{A78CC588-8A63-4744-9888-7A55E0A160B5}.Release|x86.Build.0 = Release|Any CPU
		{E77CDC19-B93C-46AB-B1DE-39DD4F29B9CD}.Debug|Any CPU.ActiveCfg = Debug|Any CPU
		{E77CDC19-B93C-46AB-B1DE-39DD4F29B9CD}.Debug|Any CPU.Build.0 = Debug|Any CPU
		{E77CDC19-B93C-46AB-B1DE-39DD4F29B9CD}.Debug|x64.ActiveCfg = Debug|x64
		{E77CDC19-B93C-46AB-B1DE-39DD4F29B9CD}.Debug|x64.Build.0 = Debug|x64
		{E77CDC19-B93C-46AB-B1DE-39DD4F29B9CD}.Debug|x86.ActiveCfg = Debug|Any CPU
		{E77CDC19-B93C-46AB-B1DE-39DD4F29B9CD}.Debug|x86.Build.0 = Debug|Any CPU
		{E77CDC19-B93C-46AB-B1DE-39DD4F29B9CD}.Release|Any CPU.ActiveCfg = Release|Any CPU
		{E77CDC19-B93C-46AB-B1DE-39DD4F29B9CD}.Release|Any CPU.Build.0 = Release|Any CPU
		{E77CDC19-B93C-46AB-B1DE-39DD4F29B9CD}.Release|x64.ActiveCfg = Release|x64
		{E77CDC19-B93C-46AB-B1DE-39DD4F29B9CD}.Release|x64.Build.0 = Release|x64
		{E77CDC19-B93C-46AB-B1DE-39DD4F29B9CD}.Release|x86.ActiveCfg = Release|Any CPU
		{E77CDC19-B93C-46AB-B1DE-39DD4F29B9CD}.Release|x86.Build.0 = Release|Any CPU
		{DCAAAF59-F3FC-4BD0-A75E-20F1996504D7}.Debug|Any CPU.ActiveCfg = Debug|Any CPU
		{DCAAAF59-F3FC-4BD0-A75E-20F1996504D7}.Debug|Any CPU.Build.0 = Debug|Any CPU
		{DCAAAF59-F3FC-4BD0-A75E-20F1996504D7}.Debug|x64.ActiveCfg = Debug|x64
		{DCAAAF59-F3FC-4BD0-A75E-20F1996504D7}.Debug|x64.Build.0 = Debug|x64
		{DCAAAF59-F3FC-4BD0-A75E-20F1996504D7}.Debug|x86.ActiveCfg = Debug|Any CPU
		{DCAAAF59-F3FC-4BD0-A75E-20F1996504D7}.Debug|x86.Build.0 = Debug|Any CPU
		{DCAAAF59-F3FC-4BD0-A75E-20F1996504D7}.Release|Any CPU.ActiveCfg = Release|Any CPU
		{DCAAAF59-F3FC-4BD0-A75E-20F1996504D7}.Release|Any CPU.Build.0 = Release|Any CPU
		{DCAAAF59-F3FC-4BD0-A75E-20F1996504D7}.Release|x64.ActiveCfg = Release|x64
		{DCAAAF59-F3FC-4BD0-A75E-20F1996504D7}.Release|x64.Build.0 = Release|x64
		{DCAAAF59-F3FC-4BD0-A75E-20F1996504D7}.Release|x86.ActiveCfg = Release|Any CPU
		{DCAAAF59-F3FC-4BD0-A75E-20F1996504D7}.Release|x86.Build.0 = Release|Any CPU
		{CAE95003-8CB8-4148-842F-F722E0FA74A8}.Debug|Any CPU.ActiveCfg = Debug|Any CPU
		{CAE95003-8CB8-4148-842F-F722E0FA74A8}.Debug|Any CPU.Build.0 = Debug|Any CPU
		{CAE95003-8CB8-4148-842F-F722E0FA74A8}.Debug|x64.ActiveCfg = Debug|x64
		{CAE95003-8CB8-4148-842F-F722E0FA74A8}.Debug|x64.Build.0 = Debug|x64
		{CAE95003-8CB8-4148-842F-F722E0FA74A8}.Debug|x86.ActiveCfg = Debug|Any CPU
		{CAE95003-8CB8-4148-842F-F722E0FA74A8}.Debug|x86.Build.0 = Debug|Any CPU
		{CAE95003-8CB8-4148-842F-F722E0FA74A8}.Release|Any CPU.ActiveCfg = Release|Any CPU
		{CAE95003-8CB8-4148-842F-F722E0FA74A8}.Release|Any CPU.Build.0 = Release|Any CPU
		{CAE95003-8CB8-4148-842F-F722E0FA74A8}.Release|x64.ActiveCfg = Release|x64
		{CAE95003-8CB8-4148-842F-F722E0FA74A8}.Release|x64.Build.0 = Release|x64
		{CAE95003-8CB8-4148-842F-F722E0FA74A8}.Release|x86.ActiveCfg = Release|Any CPU
		{CAE95003-8CB8-4148-842F-F722E0FA74A8}.Release|x86.Build.0 = Release|Any CPU
		{0D79B84A-5890-44C9-ACBF-EF17678C2233}.Debug|Any CPU.ActiveCfg = Debug|Any CPU
		{0D79B84A-5890-44C9-ACBF-EF17678C2233}.Debug|Any CPU.Build.0 = Debug|Any CPU
		{0D79B84A-5890-44C9-ACBF-EF17678C2233}.Debug|x64.ActiveCfg = Debug|x64
		{0D79B84A-5890-44C9-ACBF-EF17678C2233}.Debug|x64.Build.0 = Debug|x64
		{0D79B84A-5890-44C9-ACBF-EF17678C2233}.Debug|x86.ActiveCfg = Debug|Any CPU
		{0D79B84A-5890-44C9-ACBF-EF17678C2233}.Debug|x86.Build.0 = Debug|Any CPU
		{0D79B84A-5890-44C9-ACBF-EF17678C2233}.Release|Any CPU.ActiveCfg = Release|Any CPU
		{0D79B84A-5890-44C9-ACBF-EF17678C2233}.Release|Any CPU.Build.0 = Release|Any CPU
		{0D79B84A-5890-44C9-ACBF-EF17678C2233}.Release|x64.ActiveCfg = Release|x64
		{0D79B84A-5890-44C9-ACBF-EF17678C2233}.Release|x64.Build.0 = Release|x64
		{0D79B84A-5890-44C9-ACBF-EF17678C2233}.Release|x86.ActiveCfg = Release|Any CPU
		{0D79B84A-5890-44C9-ACBF-EF17678C2233}.Release|x86.Build.0 = Release|Any CPU
		{1CA7D81D-9161-41E8-A561-AA41D28CDFA8}.Debug|Any CPU.ActiveCfg = Debug|Any CPU
		{1CA7D81D-9161-41E8-A561-AA41D28CDFA8}.Debug|Any CPU.Build.0 = Debug|Any CPU
		{1CA7D81D-9161-41E8-A561-AA41D28CDFA8}.Debug|x64.ActiveCfg = Debug|x64
		{1CA7D81D-9161-41E8-A561-AA41D28CDFA8}.Debug|x64.Build.0 = Debug|x64
		{1CA7D81D-9161-41E8-A561-AA41D28CDFA8}.Debug|x86.ActiveCfg = Debug|Any CPU
		{1CA7D81D-9161-41E8-A561-AA41D28CDFA8}.Debug|x86.Build.0 = Debug|Any CPU
		{1CA7D81D-9161-41E8-A561-AA41D28CDFA8}.Release|Any CPU.ActiveCfg = Release|Any CPU
		{1CA7D81D-9161-41E8-A561-AA41D28CDFA8}.Release|Any CPU.Build.0 = Release|Any CPU
		{1CA7D81D-9161-41E8-A561-AA41D28CDFA8}.Release|x64.ActiveCfg = Release|x64
		{1CA7D81D-9161-41E8-A561-AA41D28CDFA8}.Release|x64.Build.0 = Release|x64
		{1CA7D81D-9161-41E8-A561-AA41D28CDFA8}.Release|x86.ActiveCfg = Release|Any CPU
		{1CA7D81D-9161-41E8-A561-AA41D28CDFA8}.Release|x86.Build.0 = Release|Any CPU
		{4FE09A45-1F77-4F1A-9639-076A145E1D12}.Debug|Any CPU.ActiveCfg = Debug|Any CPU
		{4FE09A45-1F77-4F1A-9639-076A145E1D12}.Debug|Any CPU.Build.0 = Debug|Any CPU
		{4FE09A45-1F77-4F1A-9639-076A145E1D12}.Debug|x64.ActiveCfg = Debug|x64
		{4FE09A45-1F77-4F1A-9639-076A145E1D12}.Debug|x64.Build.0 = Debug|x64
		{4FE09A45-1F77-4F1A-9639-076A145E1D12}.Debug|x86.ActiveCfg = Debug|Any CPU
		{4FE09A45-1F77-4F1A-9639-076A145E1D12}.Debug|x86.Build.0 = Debug|Any CPU
		{4FE09A45-1F77-4F1A-9639-076A145E1D12}.Release|Any CPU.ActiveCfg = Release|Any CPU
		{4FE09A45-1F77-4F1A-9639-076A145E1D12}.Release|Any CPU.Build.0 = Release|Any CPU
		{4FE09A45-1F77-4F1A-9639-076A145E1D12}.Release|x64.ActiveCfg = Release|x64
		{4FE09A45-1F77-4F1A-9639-076A145E1D12}.Release|x64.Build.0 = Release|x64
		{4FE09A45-1F77-4F1A-9639-076A145E1D12}.Release|x86.ActiveCfg = Release|Any CPU
		{4FE09A45-1F77-4F1A-9639-076A145E1D12}.Release|x86.Build.0 = Release|Any CPU
		{2AE76420-F0AF-43FF-9AAD-FBC6F481D771}.Debug|Any CPU.ActiveCfg = Debug|Any CPU
		{2AE76420-F0AF-43FF-9AAD-FBC6F481D771}.Debug|Any CPU.Build.0 = Debug|Any CPU
		{2AE76420-F0AF-43FF-9AAD-FBC6F481D771}.Debug|x64.ActiveCfg = Debug|x64
		{2AE76420-F0AF-43FF-9AAD-FBC6F481D771}.Debug|x64.Build.0 = Debug|x64
		{2AE76420-F0AF-43FF-9AAD-FBC6F481D771}.Debug|x86.ActiveCfg = Debug|Any CPU
		{2AE76420-F0AF-43FF-9AAD-FBC6F481D771}.Debug|x86.Build.0 = Debug|Any CPU
		{2AE76420-F0AF-43FF-9AAD-FBC6F481D771}.Release|Any CPU.ActiveCfg = Release|Any CPU
		{2AE76420-F0AF-43FF-9AAD-FBC6F481D771}.Release|Any CPU.Build.0 = Release|Any CPU
		{2AE76420-F0AF-43FF-9AAD-FBC6F481D771}.Release|x64.ActiveCfg = Release|x64
		{2AE76420-F0AF-43FF-9AAD-FBC6F481D771}.Release|x64.Build.0 = Release|x64
		{2AE76420-F0AF-43FF-9AAD-FBC6F481D771}.Release|x86.ActiveCfg = Release|Any CPU
		{2AE76420-F0AF-43FF-9AAD-FBC6F481D771}.Release|x86.Build.0 = Release|Any CPU
		{2D912090-9632-4EC1-94D7-942A7469C5A8}.Debug|Any CPU.ActiveCfg = Debug|Any CPU
		{2D912090-9632-4EC1-94D7-942A7469C5A8}.Debug|Any CPU.Build.0 = Debug|Any CPU
		{2D912090-9632-4EC1-94D7-942A7469C5A8}.Debug|x64.ActiveCfg = Debug|x64
		{2D912090-9632-4EC1-94D7-942A7469C5A8}.Debug|x64.Build.0 = Debug|x64
		{2D912090-9632-4EC1-94D7-942A7469C5A8}.Debug|x86.ActiveCfg = Debug|Any CPU
		{2D912090-9632-4EC1-94D7-942A7469C5A8}.Debug|x86.Build.0 = Debug|Any CPU
		{2D912090-9632-4EC1-94D7-942A7469C5A8}.Release|Any CPU.ActiveCfg = Release|Any CPU
		{2D912090-9632-4EC1-94D7-942A7469C5A8}.Release|Any CPU.Build.0 = Release|Any CPU
		{2D912090-9632-4EC1-94D7-942A7469C5A8}.Release|x64.ActiveCfg = Release|x64
		{2D912090-9632-4EC1-94D7-942A7469C5A8}.Release|x64.Build.0 = Release|x64
		{2D912090-9632-4EC1-94D7-942A7469C5A8}.Release|x86.ActiveCfg = Release|Any CPU
		{2D912090-9632-4EC1-94D7-942A7469C5A8}.Release|x86.Build.0 = Release|Any CPU
		{1BF92378-061B-4BB5-A4D0-C3E187D59477}.Debug|Any CPU.ActiveCfg = Debug|x64
		{1BF92378-061B-4BB5-A4D0-C3E187D59477}.Debug|Any CPU.Build.0 = Debug|x64
		{1BF92378-061B-4BB5-A4D0-C3E187D59477}.Debug|x64.ActiveCfg = Debug|x64
		{1BF92378-061B-4BB5-A4D0-C3E187D59477}.Debug|x64.Build.0 = Debug|x64
		{1BF92378-061B-4BB5-A4D0-C3E187D59477}.Debug|x86.ActiveCfg = Debug|x64
		{1BF92378-061B-4BB5-A4D0-C3E187D59477}.Debug|x86.Build.0 = Debug|x64
		{1BF92378-061B-4BB5-A4D0-C3E187D59477}.Release|Any CPU.ActiveCfg = Release|x64
		{1BF92378-061B-4BB5-A4D0-C3E187D59477}.Release|Any CPU.Build.0 = Release|x64
		{1BF92378-061B-4BB5-A4D0-C3E187D59477}.Release|x64.ActiveCfg = Release|x64
		{1BF92378-061B-4BB5-A4D0-C3E187D59477}.Release|x64.Build.0 = Release|x64
		{1BF92378-061B-4BB5-A4D0-C3E187D59477}.Release|x86.ActiveCfg = Release|x64
		{1BF92378-061B-4BB5-A4D0-C3E187D59477}.Release|x86.Build.0 = Release|x64
	EndGlobalSection
	GlobalSection(SolutionProperties) = preSolution
		HideSolutionNode = FALSE
	EndGlobalSection
	GlobalSection(NestedProjects) = preSolution
		{B26C11EB-36D7-46A9-BBE4-5F9C6BABCFB1} = {0402680B-95AF-47EE-85DE-D5D58581C3F1}
		{9D1D07C7-1A8C-407C-A433-12097B41C4FE} = {0402680B-95AF-47EE-85DE-D5D58581C3F1}
		{1F1DFAE9-71C1-40A9-9BB3-2015A23CE067} = {0402680B-95AF-47EE-85DE-D5D58581C3F1}
		{EDD20566-AAEC-4D1D-9F75-5873D01A9753} = {B5581914-1D3B-4744-A5F2-3C1CCD671861}
		{90E7118C-B8CE-4C64-9FE6-7EE43FB94AE6} = {B5581914-1D3B-4744-A5F2-3C1CCD671861}
		{B3008526-AEA2-4066-8F0A-C67A8BB36BA7} = {B5581914-1D3B-4744-A5F2-3C1CCD671861}
		{935D0129-EAA0-499E-82A2-7EEF3EE30028} = {B5581914-1D3B-4744-A5F2-3C1CCD671861}
		{616647D0-CCC9-45A7-ABB5-FAFBAB829955} = {0402680B-95AF-47EE-85DE-D5D58581C3F1}
		{D4F4C3D0-2CED-4078-94F5-B555C69D6AB8} = {B5581914-1D3B-4744-A5F2-3C1CCD671861}
		{4C91AF48-638F-4370-98A0-D9067DE0EC89} = {F333FF5F-7647-4512-9050-07667FF0EAC4}
		{08915643-2D46-4B78-967E-718D3BAAA1F4} = {F333FF5F-7647-4512-9050-07667FF0EAC4}
		{F333FF5F-7647-4512-9050-07667FF0EAC4} = {6166A0A9-304C-4BE2-A2FC-0B4C6A2273EF}
		{522A674F-760D-41CB-BA70-B01D70A25985} = {F333FF5F-7647-4512-9050-07667FF0EAC4}
		{3EF582F8-3590-422B-B720-63110F2301A8} = {64486FC6-8A9D-487E-81F7-5854F0F2EB0B}
		{ED344B56-6B52-4FF8-8309-1E12FFD652A9} = {6166A0A9-304C-4BE2-A2FC-0B4C6A2273EF}
		{A78CC588-8A63-4744-9888-7A55E0A160B5} = {ED344B56-6B52-4FF8-8309-1E12FFD652A9}
		{E77CDC19-B93C-46AB-B1DE-39DD4F29B9CD} = {F333FF5F-7647-4512-9050-07667FF0EAC4}
		{817E2419-61AC-4B26-96EA-786A4A90253A} = {3EF582F8-3590-422B-B720-63110F2301A8}
		{21FB0EBB-D3CF-4834-8EE4-089EDFDC68F3} = {817E2419-61AC-4B26-96EA-786A4A90253A}
		{DDE48824-9F02-4DA3-AA16-EA5ECA74F988} = {817E2419-61AC-4B26-96EA-786A4A90253A}
		{DCAAAF59-F3FC-4BD0-A75E-20F1996504D7} = {F333FF5F-7647-4512-9050-07667FF0EAC4}
		{CAE95003-8CB8-4148-842F-F722E0FA74A8} = {6F596C20-565D-4990-BF1A-67C4C889431A}
		{F7402726-914C-4DBE-B790-C8052C1E053D} = {02EA681E-C7D8-13C7-8484-4AC65E1B71E8}
		{0D79B84A-5890-44C9-ACBF-EF17678C2233} = {F7402726-914C-4DBE-B790-C8052C1E053D}
		{6D938971-0A0A-497E-BAB6-D7860AE43186} = {02EA681E-C7D8-13C7-8484-4AC65E1B71E8}
		{CD33F97E-45AB-461A-A60A-25B7C5A09A63} = {6D938971-0A0A-497E-BAB6-D7860AE43186}
		{1CA7D81D-9161-41E8-A561-AA41D28CDFA8} = {CD33F97E-45AB-461A-A60A-25B7C5A09A63}
		{4FE09A45-1F77-4F1A-9639-076A145E1D12} = {0402680B-95AF-47EE-85DE-D5D58581C3F1}
		{2AE76420-F0AF-43FF-9AAD-FBC6F481D771} = {0402680B-95AF-47EE-85DE-D5D58581C3F1}
		{2D912090-9632-4EC1-94D7-942A7469C5A8} = {0402680B-95AF-47EE-85DE-D5D58581C3F1}
		{88C0F7D4-BD8A-C90F-7AB0-032CCF0456F9} = {0402680B-95AF-47EE-85DE-D5D58581C3F1}
		{1BF92378-061B-4BB5-A4D0-C3E187D59477} = {88C0F7D4-BD8A-C90F-7AB0-032CCF0456F9}
	EndGlobalSection
	GlobalSection(ExtensibilityGlobals) = postSolution
		SolutionGuid = {AA7073DF-9399-4505-AB97-8F270A32A6BF}
	EndGlobalSection
EndGlobal
