{
    "name": "protos_project",
    "version": "0.0.5",
    "lockfileVersion": 2,
    "requires": true,
    "packages": {
        "": {
            "version": "0.0.5",
            "devDependencies": {
                "@bufbuild/buf": "^1.28.0"
            }
        },
        "node_modules/@bufbuild/buf": {
            "version": "1.28.0",
            "resolved": "https://registry.npmjs.org/@bufbuild/buf/-/buf-1.28.0.tgz",
            "integrity": "sha512-QizjughxiWj53BTFijxQN5YDCcIriLAsCSYgxk+l9YzEC3hHAjCBen0hGJcSezWDLKWiGxAD6AMXiRIfAHKZjQ==",
            "dev": true,
            "hasInstallScript": true,
            "bin": {
                "buf": "bin/buf",
                "protoc-gen-buf-breaking": "bin/protoc-gen-buf-breaking",
                "protoc-gen-buf-lint": "bin/protoc-gen-buf-lint"
            },
            "engines": {
                "node": ">=12"
            },
            "optionalDependencies": {
                "@bufbuild/buf-darwin-arm64": "1.28.0",
                "@bufbuild/buf-darwin-x64": "1.28.0",
                "@bufbuild/buf-linux-aarch64": "1.28.0",
                "@bufbuild/buf-linux-x64": "1.28.0",
                "@bufbuild/buf-win32-arm64": "1.28.0",
                "@bufbuild/buf-win32-x64": "1.28.0"
            }
        },
        "node_modules/@bufbuild/buf-darwin-arm64": {
            "version": "1.28.0",
            "resolved": "https://registry.npmjs.org/@bufbuild/buf-darwin-arm64/-/buf-darwin-arm64-1.28.0.tgz",
            "integrity": "sha512-trbnKKCINrRUXf0Rs88QmniZeQ4ODdsA9yISOj5JdeVDr9rQf1j/P2NUM+JimQpLm78I1CRR5qQPIX3Q8xR0NA==",
            "cpu": [
                "arm64"
            ],
            "dev": true,
            "optional": true,
            "os": [
                "darwin"
            ],
            "engines": {
                "node": ">=12"
            }
        },
        "node_modules/@bufbuild/buf-darwin-x64": {
            "version": "1.28.0",
            "resolved": "https://registry.npmjs.org/@bufbuild/buf-darwin-x64/-/buf-darwin-x64-1.28.0.tgz",
            "integrity": "sha512-AVhGVJjaR26Qe0gNv+3AijeaQABJyFY8tlInEOOtTaQi2UGR8cgQoYBCziL3NQfH06wi7nEwTJm/ej2JUpAt2Q==",
            "cpu": [
                "x64"
            ],
            "dev": true,
            "optional": true,
            "os": [
                "darwin"
            ],
            "engines": {
                "node": ">=12"
            }
        },
        "node_modules/@bufbuild/buf-linux-aarch64": {
            "version": "1.28.0",
            "resolved": "https://registry.npmjs.org/@bufbuild/buf-linux-aarch64/-/buf-linux-aarch64-1.28.0.tgz",
            "integrity": "sha512-5qzLdO2MpXHPh2W5Rlf58oW8iH+wwOIjQs3vlgtgeI0nGu0FhRgpcrJ1E0lswTUE0NW19RMLI+q/QpjEl9W3aw==",
            "cpu": [
                "arm64"
            ],
            "dev": true,
            "optional": true,
            "os": [
                "linux"
            ],
            "engines": {
                "node": ">=12"
            }
        },
        "node_modules/@bufbuild/buf-linux-x64": {
            "version": "1.28.0",
            "resolved": "https://registry.npmjs.org/@bufbuild/buf-linux-x64/-/buf-linux-x64-1.28.0.tgz",
            "integrity": "sha512-gZm7vGjhcabb1Zqp+ARYiJYCNm2mtbXFqo9Cqy0hpaonWaKAn7lbjtT0tG7rVX++QIfOpE3CwnjUNHck5xKP6A==",
            "cpu": [
                "x64"
            ],
            "dev": true,
            "optional": true,
            "os": [
                "linux"
            ],
            "engines": {
                "node": ">=12"
            }
        },
        "node_modules/@bufbuild/buf-win32-arm64": {
            "version": "1.28.0",
            "resolved": "https://registry.npmjs.org/@bufbuild/buf-win32-arm64/-/buf-win32-arm64-1.28.0.tgz",
            "integrity": "sha512-ptIfiTYW2cMlPOcnkz3YF/aSR9ztAzeozycv460qDR0p0c0KYHKRTTFKD8TRahoyU7znmWEluYBdmKZAbbtwKg==",
            "cpu": [
                "arm64"
            ],
            "dev": true,
            "optional": true,
            "os": [
                "win32"
            ],
            "engines": {
                "node": ">=12"
            }
        },
        "node_modules/@bufbuild/buf-win32-x64": {
            "version": "1.28.0",
            "resolved": "https://registry.npmjs.org/@bufbuild/buf-win32-x64/-/buf-win32-x64-1.28.0.tgz",
            "integrity": "sha512-vwjMUfelrB8RD/xHdR6MVEl9XqIxvASvzj0szz70hvQmzmU4BEOEUTHtERMOnBJxiPE1a28YEfpUlxyvm+COCg==",
            "cpu": [
                "x64"
            ],
            "dev": true,
            "optional": true,
            "os": [
                "win32"
            ],
            "engines": {
                "node": ">=12"
            }
        }
    },
    "dependencies": {
        "@bufbuild/buf": {
            "version": "1.28.0",
            "resolved": "https://registry.npmjs.org/@bufbuild/buf/-/buf-1.28.0.tgz",
            "integrity": "sha512-QizjughxiWj53BTFijxQN5YDCcIriLAsCSYgxk+l9YzEC3hHAjCBen0hGJcSezWDLKWiGxAD6AMXiRIfAHKZjQ==",
            "dev": true,
            "requires": {
                "@bufbuild/buf-darwin-arm64": "1.28.0",
                "@bufbuild/buf-darwin-x64": "1.28.0",
                "@bufbuild/buf-linux-aarch64": "1.28.0",
                "@bufbuild/buf-linux-x64": "1.28.0",
                "@bufbuild/buf-win32-arm64": "1.28.0",
                "@bufbuild/buf-win32-x64": "1.28.0"
            }
        },
        "@bufbuild/buf-darwin-arm64": {
            "version": "1.28.0",
            "resolved": "https://registry.npmjs.org/@bufbuild/buf-darwin-arm64/-/buf-darwin-arm64-1.28.0.tgz",
            "integrity": "sha512-trbnKKCINrRUXf0Rs88QmniZeQ4ODdsA9yISOj5JdeVDr9rQf1j/P2NUM+JimQpLm78I1CRR5qQPIX3Q8xR0NA==",
            "dev": true,
            "optional": true
        },
        "@bufbuild/buf-darwin-x64": {
            "version": "1.28.0",
            "resolved": "https://registry.npmjs.org/@bufbuild/buf-darwin-x64/-/buf-darwin-x64-1.28.0.tgz",
            "integrity": "sha512-AVhGVJjaR26Qe0gNv+3AijeaQABJyFY8tlInEOOtTaQi2UGR8cgQoYBCziL3NQfH06wi7nEwTJm/ej2JUpAt2Q==",
            "dev": true,
            "optional": true
        },
        "@bufbuild/buf-linux-aarch64": {
            "version": "1.28.0",
            "resolved": "https://registry.npmjs.org/@bufbuild/buf-linux-aarch64/-/buf-linux-aarch64-1.28.0.tgz",
            "integrity": "sha512-5qzLdO2MpXHPh2W5Rlf58oW8iH+wwOIjQs3vlgtgeI0nGu0FhRgpcrJ1E0lswTUE0NW19RMLI+q/QpjEl9W3aw==",
            "dev": true,
            "optional": true
        },
        "@bufbuild/buf-linux-x64": {
            "version": "1.28.0",
            "resolved": "https://registry.npmjs.org/@bufbuild/buf-linux-x64/-/buf-linux-x64-1.28.0.tgz",
            "integrity": "sha512-gZm7vGjhcabb1Zqp+ARYiJYCNm2mtbXFqo9Cqy0hpaonWaKAn7lbjtT0tG7rVX++QIfOpE3CwnjUNHck5xKP6A==",
            "dev": true,
            "optional": true
        },
        "@bufbuild/buf-win32-arm64": {
            "version": "1.28.0",
            "resolved": "https://registry.npmjs.org/@bufbuild/buf-win32-arm64/-/buf-win32-arm64-1.28.0.tgz",
            "integrity": "sha512-ptIfiTYW2cMlPOcnkz3YF/aSR9ztAzeozycv460qDR0p0c0KYHKRTTFKD8TRahoyU7znmWEluYBdmKZAbbtwKg==",
            "dev": true,
            "optional": true
        },
        "@bufbuild/buf-win32-x64": {
            "version": "1.28.0",
            "resolved": "https://registry.npmjs.org/@bufbuild/buf-win32-x64/-/buf-win32-x64-1.28.0.tgz",
            "integrity": "sha512-vwjMUfelrB8RD/xHdR6MVEl9XqIxvASvzj0szz70hvQmzmU4BEOEUTHtERMOnBJxiPE1a28YEfpUlxyvm+COCg==",
            "dev": true,
            "optional": true
        }
    }
}
